
Microsoft Visual Studio Solution File, Format Version 12.00
# Visual Studio 14
VisualStudioVersion = 14.0.25420.1
MinimumVisualStudioVersion = 10.0.40219.1
Project("{2150E333-8FDC-42A3-9474-1A3956D46DE8}") = "Engine", "Engine", "{197B1BB9-6542-4C3F-8486-ABB6BBA8ED42}"
EndProject
Project("{2150E333-8FDC-42A3-9474-1A3956D46DE8}") = "Games", "Games", "{F46EE3FD-6B3C-4374-963C-6C3137C9DC78}"
EndProject
Project("{8BC9CEB8-8B4A-11D0-8D11-00A0C91BC942}") = "UE4", "Intermediate\ProjectFiles\UE4.vcxproj", "{919D533D-8662-4FEC-8D4D-03A15372AC78}"
EndProject
Project("{8BC9CEB8-8B4A-11D0-8D11-00A0C91BC942}") = "SofaUnreal", "Intermediate\ProjectFiles\SofaUnreal.vcxproj", "{FFD9D6C1-79FE-46A1-AD28-898C49049FF2}"
EndProject
Global
	GlobalSection(SolutionConfigurationPlatforms) = preSolution
		DebugGame Editor|HTML5 = DebugGame Editor|HTML5
		DebugGame Editor|Win32 = DebugGame Editor|Win32
		DebugGame Editor|Win64 = DebugGame Editor|Win64
		DebugGame|HTML5 = DebugGame|HTML5
		DebugGame|Win32 = DebugGame|Win32
		DebugGame|Win64 = DebugGame|Win64
		Development Editor|HTML5 = Development Editor|HTML5
		Development Editor|Win32 = Development Editor|Win32
		Development Editor|Win64 = Development Editor|Win64
		Development|HTML5 = Development|HTML5
		Development|Win32 = Development|Win32
		Development|Win64 = Development|Win64
		Shipping|HTML5 = Shipping|HTML5
		Shipping|Win32 = Shipping|Win32
		Shipping|Win64 = Shipping|Win64
	EndGlobalSection
	GlobalSection(ProjectConfigurationPlatforms) = postSolution
		{919D533D-8662-4FEC-8D4D-03A15372AC78}.DebugGame Editor|HTML5.ActiveCfg = BuiltWithUnrealBuildTool|Win32
		{919D533D-8662-4FEC-8D4D-03A15372AC78}.DebugGame Editor|HTML5.Build.0 = BuiltWithUnrealBuildTool|Win32
		{919D533D-8662-4FEC-8D4D-03A15372AC78}.DebugGame Editor|Win32.ActiveCfg = BuiltWithUnrealBuildTool|Win32
		{919D533D-8662-4FEC-8D4D-03A15372AC78}.DebugGame Editor|Win32.Build.0 = BuiltWithUnrealBuildTool|Win32
		{919D533D-8662-4FEC-8D4D-03A15372AC78}.DebugGame Editor|Win64.ActiveCfg = BuiltWithUnrealBuildTool|Win32
		{919D533D-8662-4FEC-8D4D-03A15372AC78}.DebugGame Editor|Win64.Build.0 = BuiltWithUnrealBuildTool|Win32
		{919D533D-8662-4FEC-8D4D-03A15372AC78}.DebugGame|HTML5.ActiveCfg = BuiltWithUnrealBuildTool|Win32
		{919D533D-8662-4FEC-8D4D-03A15372AC78}.DebugGame|HTML5.Build.0 = BuiltWithUnrealBuildTool|Win32
		{919D533D-8662-4FEC-8D4D-03A15372AC78}.DebugGame|Win32.ActiveCfg = BuiltWithUnrealBuildTool|Win32
		{919D533D-8662-4FEC-8D4D-03A15372AC78}.DebugGame|Win32.Build.0 = BuiltWithUnrealBuildTool|Win32
		{919D533D-8662-4FEC-8D4D-03A15372AC78}.DebugGame|Win64.ActiveCfg = BuiltWithUnrealBuildTool|Win32
		{919D533D-8662-4FEC-8D4D-03A15372AC78}.DebugGame|Win64.Build.0 = BuiltWithUnrealBuildTool|Win32
		{919D533D-8662-4FEC-8D4D-03A15372AC78}.Development Editor|HTML5.ActiveCfg = BuiltWithUnrealBuildTool|Win32
		{919D533D-8662-4FEC-8D4D-03A15372AC78}.Development Editor|HTML5.Build.0 = BuiltWithUnrealBuildTool|Win32
		{919D533D-8662-4FEC-8D4D-03A15372AC78}.Development Editor|Win32.ActiveCfg = BuiltWithUnrealBuildTool|Win32
		{919D533D-8662-4FEC-8D4D-03A15372AC78}.Development Editor|Win32.Build.0 = BuiltWithUnrealBuildTool|Win32
		{919D533D-8662-4FEC-8D4D-03A15372AC78}.Development Editor|Win64.ActiveCfg = BuiltWithUnrealBuildTool|Win32
		{919D533D-8662-4FEC-8D4D-03A15372AC78}.Development Editor|Win64.Build.0 = BuiltWithUnrealBuildTool|Win32
		{919D533D-8662-4FEC-8D4D-03A15372AC78}.Development|HTML5.ActiveCfg = BuiltWithUnrealBuildTool|Win32
		{919D533D-8662-4FEC-8D4D-03A15372AC78}.Development|HTML5.Build.0 = BuiltWithUnrealBuildTool|Win32
		{919D533D-8662-4FEC-8D4D-03A15372AC78}.Development|Win32.ActiveCfg = BuiltWithUnrealBuildTool|Win32
		{919D533D-8662-4FEC-8D4D-03A15372AC78}.Development|Win32.Build.0 = BuiltWithUnrealBuildTool|Win32
		{919D533D-8662-4FEC-8D4D-03A15372AC78}.Development|Win64.ActiveCfg = BuiltWithUnrealBuildTool|Win32
		{919D533D-8662-4FEC-8D4D-03A15372AC78}.Development|Win64.Build.0 = BuiltWithUnrealBuildTool|Win32
		{919D533D-8662-4FEC-8D4D-03A15372AC78}.Shipping|HTML5.ActiveCfg = BuiltWithUnrealBuildTool|Win32
		{919D533D-8662-4FEC-8D4D-03A15372AC78}.Shipping|HTML5.Build.0 = BuiltWithUnrealBuildTool|Win32
		{919D533D-8662-4FEC-8D4D-03A15372AC78}.Shipping|Win32.ActiveCfg = BuiltWithUnrealBuildTool|Win32
		{919D533D-8662-4FEC-8D4D-03A15372AC78}.Shipping|Win32.Build.0 = BuiltWithUnrealBuildTool|Win32
		{919D533D-8662-4FEC-8D4D-03A15372AC78}.Shipping|Win64.ActiveCfg = BuiltWithUnrealBuildTool|Win32
		{919D533D-8662-4FEC-8D4D-03A15372AC78}.Shipping|Win64.Build.0 = BuiltWithUnrealBuildTool|Win32
		{FFD9D6C1-79FE-46A1-AD28-898C49049FF2}.DebugGame Editor|HTML5.ActiveCfg = HTML5_DebugGame_Editor|Win32
		{FFD9D6C1-79FE-46A1-AD28-898C49049FF2}.DebugGame Editor|Win32.ActiveCfg = DebugGame_Editor|Win32
		{FFD9D6C1-79FE-46A1-AD28-898C49049FF2}.DebugGame Editor|Win64.ActiveCfg = DebugGame_Editor|x64
		{FFD9D6C1-79FE-46A1-AD28-898C49049FF2}.DebugGame Editor|Win64.Build.0 = DebugGame_Editor|x64
		{FFD9D6C1-79FE-46A1-AD28-898C49049FF2}.DebugGame|HTML5.ActiveCfg = HTML5_DebugGame_Game|Win32
		{FFD9D6C1-79FE-46A1-AD28-898C49049FF2}.DebugGame|HTML5.Build.0 = HTML5_DebugGame_Game|Win32
		{FFD9D6C1-79FE-46A1-AD28-898C49049FF2}.DebugGame|Win32.ActiveCfg = DebugGame_Game|Win32
		{FFD9D6C1-79FE-46A1-AD28-898C49049FF2}.DebugGame|Win32.Build.0 = DebugGame_Game|Win32
		{FFD9D6C1-79FE-46A1-AD28-898C49049FF2}.DebugGame|Win64.ActiveCfg = DebugGame_Game|x64
		{FFD9D6C1-79FE-46A1-AD28-898C49049FF2}.DebugGame|Win64.Build.0 = DebugGame_Game|x64
		{FFD9D6C1-79FE-46A1-AD28-898C49049FF2}.Development Editor|HTML5.ActiveCfg = HTML5_Development_Editor|Win32
		{FFD9D6C1-79FE-46A1-AD28-898C49049FF2}.Development Editor|Win32.ActiveCfg = Development_Editor|Win32
		{FFD9D6C1-79FE-46A1-AD28-898C49049FF2}.Development Editor|Win64.ActiveCfg = Development_Editor|x64
		{FFD9D6C1-79FE-46A1-AD28-898C49049FF2}.Development Editor|Win64.Build.0 = Development_Editor|x64
		{FFD9D6C1-79FE-46A1-AD28-898C49049FF2}.Development|HTML5.ActiveCfg = HTML5_Development_Game|Win32
		{FFD9D6C1-79FE-46A1-AD28-898C49049FF2}.Development|HTML5.Build.0 = HTML5_Development_Game|Win32
		{FFD9D6C1-79FE-46A1-AD28-898C49049FF2}.Development|Win32.ActiveCfg = Development_Game|Win32
		{FFD9D6C1-79FE-46A1-AD28-898C49049FF2}.Development|Win32.Build.0 = Development_Game|Win32
		{FFD9D6C1-79FE-46A1-AD28-898C49049FF2}.Development|Win64.ActiveCfg = Development_Game|x64
		{FFD9D6C1-79FE-46A1-AD28-898C49049FF2}.Development|Win64.Build.0 = Development_Game|x64
		{FFD9D6C1-79FE-46A1-AD28-898C49049FF2}.Shipping|HTML5.ActiveCfg = HTML5_Shipping_Game|Win32
		{FFD9D6C1-79FE-46A1-AD28-898C49049FF2}.Shipping|HTML5.Build.0 = HTML5_Shipping_Game|Win32
		{FFD9D6C1-79FE-46A1-AD28-898C49049FF2}.Shipping|Win32.ActiveCfg = Shipping_Game|Win32
		{FFD9D6C1-79FE-46A1-AD28-898C49049FF2}.Shipping|Win32.Build.0 = Shipping_Game|Win32
		{FFD9D6C1-79FE-46A1-AD28-898C49049FF2}.Shipping|Win64.ActiveCfg = Shipping_Game|x64
		{FFD9D6C1-79FE-46A1-AD28-898C49049FF2}.Shipping|Win64.Build.0 = Shipping_Game|x64
	EndGlobalSection
	GlobalSection(SolutionProperties) = preSolution
		HideSolutionNode = FALSE
	EndGlobalSection
	GlobalSection(NestedProjects) = preSolution
		{919D533D-8662-4FEC-8D4D-03A15372AC78} = {197B1BB9-6542-4C3F-8486-ABB6BBA8ED42}
		{FFD9D6C1-79FE-46A1-AD28-898C49049FF2} = {F46EE3FD-6B3C-4374-963C-6C3137C9DC78}
	EndGlobalSection
EndGlobal
